
Microsoft Visual Studio Solution File, Format Version 12.00
# Visual Studio Version 17
VisualStudioVersion = 17.14.36203.30 d17.14
MinimumVisualStudioVersion = 10.0.40219.1
Project("{FAE04EC0-301F-11D3-BF4B-00C04F79EFBC}") = "Branchecker", "Branchecker\Branchecker.csproj", "{953D9E21-816B-4DDA-AB12-BCF9695DD691}"
EndProject
Global
	GlobalSection(SolutionConfigurationPlatforms) = preSolution
		Debug|Any CPU = Debug|Any CPU
		Release|Any CPU = Release|Any CPU
	EndGlobalSection
	GlobalSection(ProjectConfigurationPlatforms) = postSolution
		{953D9E21-816B-4DDA-AB12-BCF9695DD691}.Debug|Any CPU.ActiveCfg = Debug|Any CPU
		{953D9E21-816B-4DDA-AB12-BCF9695DD691}.Debug|Any CPU.Build.0 = Debug|Any CPU
		{953D9E21-816B-4DDA-AB12-BCF9695DD691}.Release|Any CPU.ActiveCfg = Release|Any CPU
		{953D9E21-816B-4DDA-AB12-BCF9695DD691}.Release|Any CPU.Build.0 = Release|Any CPU
	EndGlobalSection
	GlobalSection(SolutionProperties) = preSolution
		HideSolutionNode = FALSE
	EndGlobalSection
	GlobalSection(ExtensibilityGlobals) = postSolution
		SolutionGuid = {A929CBF0-77C6-478D-A5C5-706954B71272}
	EndGlobalSection
EndGlobal
